// !$*UTF8*$!
{
	archiveVersion = 1;
	classes = {
	};
	objectVersion = 56;
	objects = {

/* Begin PBXBuildFile section */
		535077292CD2311500213CBC /* .swiftlint.yml in Resources */ = {isa = PBXBuildFile; fileRef = 535077282CD2311500213CBC /* .swiftlint.yml */; };
		53616DD92CD35D49005D02E9 /* User.swift in Sources */ = {isa = PBXBuildFile; fileRef = 53616DD82CD35D49005D02E9 /* User.swift */; };
		53616DDB2CD35D61005D02E9 /* UserNetworkManager.swift in Sources */ = {isa = PBXBuildFile; fileRef = 53616DDA2CD35D61005D02E9 /* UserNetworkManager.swift */; };
		53C01D252CD246FE00D35B95 /* RealmSwift in Frameworks */ = {isa = PBXBuildFile; productRef = 53C01D242CD246FE00D35B95 /* RealmSwift */; };
		53C01D2B2CD249A700D35B95 /* HTTPMethod.swift in Sources */ = {isa = PBXBuildFile; fileRef = 53C01D2A2CD249A700D35B95 /* HTTPMethod.swift */; };
		53C01D2D2CD24A1E00D35B95 /* NetworkError.swift in Sources */ = {isa = PBXBuildFile; fileRef = 53C01D2C2CD24A1E00D35B95 /* NetworkError.swift */; };
		53C01D2F2CD24C3900D35B95 /* EndPointConfigurable.swift in Sources */ = {isa = PBXBuildFile; fileRef = 53C01D2E2CD24C3900D35B95 /* EndPointConfigurable.swift */; };
		53C01D312CD24FFE00D35B95 /* EndPoint.swift in Sources */ = {isa = PBXBuildFile; fileRef = 53C01D302CD24FFE00D35B95 /* EndPoint.swift */; };
		53C01D332CD25BBE00D35B95 /* URLRequestConvertible.swift in Sources */ = {isa = PBXBuildFile; fileRef = 53C01D322CD25BBE00D35B95 /* URLRequestConvertible.swift */; };
		53D0C8222CD213EB00034179 /* SUDATalkApp.swift in Sources */ = {isa = PBXBuildFile; fileRef = 53D0C8212CD213EB00034179 /* SUDATalkApp.swift */; };
		53D0C8242CD213EB00034179 /* ContentView.swift in Sources */ = {isa = PBXBuildFile; fileRef = 53D0C8232CD213EB00034179 /* ContentView.swift */; };
		53D0C8262CD213ED00034179 /* Assets.xcassets in Resources */ = {isa = PBXBuildFile; fileRef = 53D0C8252CD213ED00034179 /* Assets.xcassets */; };
		53D0C8292CD213ED00034179 /* Preview Assets.xcassets in Resources */ = {isa = PBXBuildFile; fileRef = 53D0C8282CD213ED00034179 /* Preview Assets.xcassets */; };
		53D0C8302CD214DA00034179 /* .gitignore in Resources */ = {isa = PBXBuildFile; fileRef = 53D0C82F2CD214DA00034179 /* .gitignore */; };
/* End PBXBuildFile section */

/* Begin PBXFileReference section */
		535077282CD2311500213CBC /* .swiftlint.yml */ = {isa = PBXFileReference; fileEncoding = 4; lastKnownFileType = text.yaml; path = .swiftlint.yml; sourceTree = "<group>"; };
		53616DD82CD35D49005D02E9 /* User.swift */ = {isa = PBXFileReference; lastKnownFileType = sourcecode.swift; path = User.swift; sourceTree = "<group>"; };
		53616DDA2CD35D61005D02E9 /* UserNetworkManager.swift */ = {isa = PBXFileReference; lastKnownFileType = sourcecode.swift; path = UserNetworkManager.swift; sourceTree = "<group>"; };
		53C01D2A2CD249A700D35B95 /* HTTPMethod.swift */ = {isa = PBXFileReference; lastKnownFileType = sourcecode.swift; path = HTTPMethod.swift; sourceTree = "<group>"; };
		53C01D2C2CD24A1E00D35B95 /* NetworkError.swift */ = {isa = PBXFileReference; lastKnownFileType = sourcecode.swift; path = NetworkError.swift; sourceTree = "<group>"; };
		53C01D2E2CD24C3900D35B95 /* EndPointConfigurable.swift */ = {isa = PBXFileReference; lastKnownFileType = sourcecode.swift; path = EndPointConfigurable.swift; sourceTree = "<group>"; };
		53C01D302CD24FFE00D35B95 /* EndPoint.swift */ = {isa = PBXFileReference; lastKnownFileType = sourcecode.swift; path = EndPoint.swift; sourceTree = "<group>"; };
		53C01D322CD25BBE00D35B95 /* URLRequestConvertible.swift */ = {isa = PBXFileReference; lastKnownFileType = sourcecode.swift; path = URLRequestConvertible.swift; sourceTree = "<group>"; };
		53D0C81E2CD213EB00034179 /* SUDATalk.app */ = {isa = PBXFileReference; explicitFileType = wrapper.application; includeInIndex = 0; path = SUDATalk.app; sourceTree = BUILT_PRODUCTS_DIR; };
		53D0C8212CD213EB00034179 /* SUDATalkApp.swift */ = {isa = PBXFileReference; lastKnownFileType = sourcecode.swift; path = SUDATalkApp.swift; sourceTree = "<group>"; };
		53D0C8232CD213EB00034179 /* ContentView.swift */ = {isa = PBXFileReference; lastKnownFileType = sourcecode.swift; path = ContentView.swift; sourceTree = "<group>"; };
		53D0C8252CD213ED00034179 /* Assets.xcassets */ = {isa = PBXFileReference; lastKnownFileType = folder.assetcatalog; path = Assets.xcassets; sourceTree = "<group>"; };
		53D0C8282CD213ED00034179 /* Preview Assets.xcassets */ = {isa = PBXFileReference; lastKnownFileType = folder.assetcatalog; path = "Preview Assets.xcassets"; sourceTree = "<group>"; };
		53D0C82F2CD214DA00034179 /* .gitignore */ = {isa = PBXFileReference; lastKnownFileType = text; path = .gitignore; sourceTree = "<group>"; };
		53D0C8312CD2152100034179 /* Secret.xcconfig */ = {isa = PBXFileReference; lastKnownFileType = text.xcconfig; path = Secret.xcconfig; sourceTree = "<group>"; };
		53D0C8322CD215A100034179 /* Info.plist */ = {isa = PBXFileReference; lastKnownFileType = text.plist; path = Info.plist; sourceTree = "<group>"; };
/* End PBXFileReference section */

/* Begin PBXFrameworksBuildPhase section */
		53D0C81B2CD213EB00034179 /* Frameworks */ = {
			isa = PBXFrameworksBuildPhase;
			buildActionMask = 2147483647;
			files = (
				53C01D252CD246FE00D35B95 /* RealmSwift in Frameworks */,
			);
			runOnlyForDeploymentPostprocessing = 0;
		};
/* End PBXFrameworksBuildPhase section */

/* Begin PBXGroup section */
		53616DD72CD35D3E005D02E9 /* User */ = {
			isa = PBXGroup;
			children = (
				53616DDC2CD36D02005D02E9 /* DTO */,
				53616DD82CD35D49005D02E9 /* User.swift */,
				53616DDA2CD35D61005D02E9 /* UserNetworkManager.swift */,
			);
			path = User;
			sourceTree = "<group>";
		};
		53616DDC2CD36D02005D02E9 /* DTO */ = {
			isa = PBXGroup;
			children = (
			);
			path = DTO;
			sourceTree = "<group>";
		};
		53C01D262CD248EC00D35B95 /* Network */ = {
			isa = PBXGroup;
			children = (
				53616DD72CD35D3E005D02E9 /* User */,
				53C01D292CD2499A00D35B95 /* Enum */,
				53C01D282CD248F300D35B95 /* Implement */,
				53C01D272CD248F000D35B95 /* HTTPRequestBuilder */,
			);
			path = Network;
			sourceTree = "<group>";
		};
		53C01D272CD248F000D35B95 /* HTTPRequestBuilder */ = {
			isa = PBXGroup;
			children = (
				53C01D2E2CD24C3900D35B95 /* EndPointConfigurable.swift */,
				53C01D322CD25BBE00D35B95 /* URLRequestConvertible.swift */,
			);
			path = HTTPRequestBuilder;
			sourceTree = "<group>";
		};
		53C01D282CD248F300D35B95 /* Implement */ = {
			isa = PBXGroup;
			children = (
				53C01D302CD24FFE00D35B95 /* EndPoint.swift */,
			);
			path = Implement;
			sourceTree = "<group>";
		};
		53C01D292CD2499A00D35B95 /* Enum */ = {
			isa = PBXGroup;
			children = (
				53C01D2A2CD249A700D35B95 /* HTTPMethod.swift */,
				53C01D2C2CD24A1E00D35B95 /* NetworkError.swift */,
			);
			path = Enum;
			sourceTree = "<group>";
		};
		53D0C8152CD213EB00034179 = {
			isa = PBXGroup;
			children = (
				535077282CD2311500213CBC /* .swiftlint.yml */,
				53D0C8312CD2152100034179 /* Secret.xcconfig */,
				53D0C82F2CD214DA00034179 /* .gitignore */,
				53D0C8202CD213EB00034179 /* SUDATalk */,
				53D0C81F2CD213EB00034179 /* Products */,
			);
			sourceTree = "<group>";
		};
		53D0C81F2CD213EB00034179 /* Products */ = {
			isa = PBXGroup;
			children = (
				53D0C81E2CD213EB00034179 /* SUDATalk.app */,
			);
			name = Products;
			sourceTree = "<group>";
		};
		53D0C8202CD213EB00034179 /* SUDATalk */ = {
			isa = PBXGroup;
			children = (
				53C01D262CD248EC00D35B95 /* Network */,
				53D0C8322CD215A100034179 /* Info.plist */,
				53D0C8212CD213EB00034179 /* SUDATalkApp.swift */,
				53D0C8232CD213EB00034179 /* ContentView.swift */,
				53D0C8252CD213ED00034179 /* Assets.xcassets */,
				53D0C8272CD213ED00034179 /* Preview Content */,
			);
			path = SUDATalk;
			sourceTree = "<group>";
		};
		53D0C8272CD213ED00034179 /* Preview Content */ = {
			isa = PBXGroup;
			children = (
				53D0C8282CD213ED00034179 /* Preview Assets.xcassets */,
			);
			path = "Preview Content";
			sourceTree = "<group>";
		};
/* End PBXGroup section */

/* Begin PBXNativeTarget section */
		53D0C81D2CD213EB00034179 /* SUDATalk */ = {
			isa = PBXNativeTarget;
			buildConfigurationList = 53D0C82C2CD213ED00034179 /* Build configuration list for PBXNativeTarget "SUDATalk" */;
			buildPhases = (
				53D0C81A2CD213EB00034179 /* Sources */,
				53D0C81B2CD213EB00034179 /* Frameworks */,
				53D0C81C2CD213EB00034179 /* Resources */,
			);
			buildRules = (
			);
			dependencies = (
				535077342CD244E100213CBC /* PBXTargetDependency */,
			);
			name = SUDATalk;
			packageProductDependencies = (
				53C01D242CD246FE00D35B95 /* RealmSwift */,
			);
			productName = SUDATalk;
			productReference = 53D0C81E2CD213EB00034179 /* SUDATalk.app */;
			productType = "com.apple.product-type.application";
		};
/* End PBXNativeTarget section */

/* Begin PBXProject section */
		53D0C8162CD213EB00034179 /* Project object */ = {
			isa = PBXProject;
			attributes = {
				BuildIndependentTargetsInParallel = 1;
				LastSwiftUpdateCheck = 1530;
				LastUpgradeCheck = 1530;
				TargetAttributes = {
					53D0C81D2CD213EB00034179 = {
						CreatedOnToolsVersion = 15.3;
					};
				};
			};
			buildConfigurationList = 53D0C8192CD213EB00034179 /* Build configuration list for PBXProject "SUDATalk" */;
			compatibilityVersion = "Xcode 14.0";
			developmentRegion = en;
			hasScannedForEncodings = 0;
			knownRegions = (
				en,
				Base,
			);
			mainGroup = 53D0C8152CD213EB00034179;
			packageReferences = (
				535077302CD2440C00213CBC /* XCRemoteSwiftPackageReference "SwiftLint" */,
				53C01D232CD246FE00D35B95 /* XCRemoteSwiftPackageReference "realm-swift" */,
			);
			productRefGroup = 53D0C81F2CD213EB00034179 /* Products */;
			projectDirPath = "";
			projectRoot = "";
			targets = (
				53D0C81D2CD213EB00034179 /* SUDATalk */,
			);
		};
/* End PBXProject section */

/* Begin PBXResourcesBuildPhase section */
		53D0C81C2CD213EB00034179 /* Resources */ = {
			isa = PBXResourcesBuildPhase;
			buildActionMask = 2147483647;
			files = (
				535077292CD2311500213CBC /* .swiftlint.yml in Resources */,
				53D0C8292CD213ED00034179 /* Preview Assets.xcassets in Resources */,
				53D0C8302CD214DA00034179 /* .gitignore in Resources */,
				53D0C8262CD213ED00034179 /* Assets.xcassets in Resources */,
			);
			runOnlyForDeploymentPostprocessing = 0;
		};
/* End PBXResourcesBuildPhase section */

/* Begin PBXSourcesBuildPhase section */
		53D0C81A2CD213EB00034179 /* Sources */ = {
			isa = PBXSourcesBuildPhase;
			buildActionMask = 2147483647;
			files = (
				53C01D332CD25BBE00D35B95 /* URLRequestConvertible.swift in Sources */,
				53C01D312CD24FFE00D35B95 /* EndPoint.swift in Sources */,
				53D0C8242CD213EB00034179 /* ContentView.swift in Sources */,
				53C01D2D2CD24A1E00D35B95 /* NetworkError.swift in Sources */,
				53616DD92CD35D49005D02E9 /* User.swift in Sources */,
				53C01D2F2CD24C3900D35B95 /* EndPointConfigurable.swift in Sources */,
				53616DDB2CD35D61005D02E9 /* UserNetworkManager.swift in Sources */,
				53D0C8222CD213EB00034179 /* SUDATalkApp.swift in Sources */,
				53C01D2B2CD249A700D35B95 /* HTTPMethod.swift in Sources */,
			);
			runOnlyForDeploymentPostprocessing = 0;
		};
/* End PBXSourcesBuildPhase section */

/* Begin PBXTargetDependency section */
		535077342CD244E100213CBC /* PBXTargetDependency */ = {
			isa = PBXTargetDependency;
			productRef = 535077332CD244E100213CBC /* SwiftLintBuildToolPlugin */;
		};
/* End PBXTargetDependency section */

/* Begin XCBuildConfiguration section */
		53D0C82A2CD213ED00034179 /* Debug */ = {
			isa = XCBuildConfiguration;
			buildSettings = {
				ALWAYS_SEARCH_USER_PATHS = NO;
				ASSETCATALOG_COMPILER_GENERATE_SWIFT_ASSET_SYMBOL_EXTENSIONS = YES;
				CLANG_ANALYZER_NONNULL = YES;
				CLANG_ANALYZER_NUMBER_OBJECT_CONVERSION = YES_AGGRESSIVE;
				CLANG_CXX_LANGUAGE_STANDARD = "gnu++20";
				CLANG_ENABLE_MODULES = YES;
				CLANG_ENABLE_OBJC_ARC = YES;
				CLANG_ENABLE_OBJC_WEAK = YES;
				CLANG_WARN_BLOCK_CAPTURE_AUTORELEASING = YES;
				CLANG_WARN_BOOL_CONVERSION = YES;
				CLANG_WARN_COMMA = YES;
				CLANG_WARN_CONSTANT_CONVERSION = YES;
				CLANG_WARN_DEPRECATED_OBJC_IMPLEMENTATIONS = YES;
				CLANG_WARN_DIRECT_OBJC_ISA_USAGE = YES_ERROR;
				CLANG_WARN_DOCUMENTATION_COMMENTS = YES;
				CLANG_WARN_EMPTY_BODY = YES;
				CLANG_WARN_ENUM_CONVERSION = YES;
				CLANG_WARN_INFINITE_RECURSION = YES;
				CLANG_WARN_INT_CONVERSION = YES;
				CLANG_WARN_NON_LITERAL_NULL_CONVERSION = YES;
				CLANG_WARN_OBJC_IMPLICIT_RETAIN_SELF = YES;
				CLANG_WARN_OBJC_LITERAL_CONVERSION = YES;
				CLANG_WARN_OBJC_ROOT_CLASS = YES_ERROR;
				CLANG_WARN_QUOTED_INCLUDE_IN_FRAMEWORK_HEADER = YES;
				CLANG_WARN_RANGE_LOOP_ANALYSIS = YES;
				CLANG_WARN_STRICT_PROTOTYPES = YES;
				CLANG_WARN_SUSPICIOUS_MOVE = YES;
				CLANG_WARN_UNGUARDED_AVAILABILITY = YES_AGGRESSIVE;
				CLANG_WARN_UNREACHABLE_CODE = YES;
				CLANG_WARN__DUPLICATE_METHOD_MATCH = YES;
				COPY_PHASE_STRIP = NO;
				DEBUG_INFORMATION_FORMAT = dwarf;
				ENABLE_STRICT_OBJC_MSGSEND = YES;
				ENABLE_TESTABILITY = YES;
				ENABLE_USER_SCRIPT_SANDBOXING = NO;
				GCC_C_LANGUAGE_STANDARD = gnu17;
				GCC_DYNAMIC_NO_PIC = NO;
				GCC_NO_COMMON_BLOCKS = YES;
				GCC_OPTIMIZATION_LEVEL = 0;
				GCC_PREPROCESSOR_DEFINITIONS = (
					"DEBUG=1",
					"$(inherited)",
				);
				GCC_WARN_64_TO_32_BIT_CONVERSION = YES;
				GCC_WARN_ABOUT_RETURN_TYPE = YES_ERROR;
				GCC_WARN_UNDECLARED_SELECTOR = YES;
				GCC_WARN_UNINITIALIZED_AUTOS = YES_AGGRESSIVE;
				GCC_WARN_UNUSED_FUNCTION = YES;
				GCC_WARN_UNUSED_VARIABLE = YES;
				IPHONEOS_DEPLOYMENT_TARGET = 17.4;
				LOCALIZATION_PREFERS_STRING_CATALOGS = YES;
				MTL_ENABLE_DEBUG_INFO = INCLUDE_SOURCE;
				MTL_FAST_MATH = YES;
				ONLY_ACTIVE_ARCH = YES;
				SDKROOT = iphoneos;
				SWIFT_ACTIVE_COMPILATION_CONDITIONS = "DEBUG $(inherited)";
				SWIFT_OPTIMIZATION_LEVEL = "-Onone";
			};
			name = Debug;
		};
		53D0C82B2CD213ED00034179 /* Release */ = {
			isa = XCBuildConfiguration;
			buildSettings = {
				ALWAYS_SEARCH_USER_PATHS = NO;
				ASSETCATALOG_COMPILER_GENERATE_SWIFT_ASSET_SYMBOL_EXTENSIONS = YES;
				CLANG_ANALYZER_NONNULL = YES;
				CLANG_ANALYZER_NUMBER_OBJECT_CONVERSION = YES_AGGRESSIVE;
				CLANG_CXX_LANGUAGE_STANDARD = "gnu++20";
				CLANG_ENABLE_MODULES = YES;
				CLANG_ENABLE_OBJC_ARC = YES;
				CLANG_ENABLE_OBJC_WEAK = YES;
				CLANG_WARN_BLOCK_CAPTURE_AUTORELEASING = YES;
				CLANG_WARN_BOOL_CONVERSION = YES;
				CLANG_WARN_COMMA = YES;
				CLANG_WARN_CONSTANT_CONVERSION = YES;
				CLANG_WARN_DEPRECATED_OBJC_IMPLEMENTATIONS = YES;
				CLANG_WARN_DIRECT_OBJC_ISA_USAGE = YES_ERROR;
				CLANG_WARN_DOCUMENTATION_COMMENTS = YES;
				CLANG_WARN_EMPTY_BODY = YES;
				CLANG_WARN_ENUM_CONVERSION = YES;
				CLANG_WARN_INFINITE_RECURSION = YES;
				CLANG_WARN_INT_CONVERSION = YES;
				CLANG_WARN_NON_LITERAL_NULL_CONVERSION = YES;
				CLANG_WARN_OBJC_IMPLICIT_RETAIN_SELF = YES;
				CLANG_WARN_OBJC_LITERAL_CONVERSION = YES;
				CLANG_WARN_OBJC_ROOT_CLASS = YES_ERROR;
				CLANG_WARN_QUOTED_INCLUDE_IN_FRAMEWORK_HEADER = YES;
				CLANG_WARN_RANGE_LOOP_ANALYSIS = YES;
				CLANG_WARN_STRICT_PROTOTYPES = YES;
				CLANG_WARN_SUSPICIOUS_MOVE = YES;
				CLANG_WARN_UNGUARDED_AVAILABILITY = YES_AGGRESSIVE;
				CLANG_WARN_UNREACHABLE_CODE = YES;
				CLANG_WARN__DUPLICATE_METHOD_MATCH = YES;
				COPY_PHASE_STRIP = NO;
				DEBUG_INFORMATION_FORMAT = "dwarf-with-dsym";
				ENABLE_NS_ASSERTIONS = NO;
				ENABLE_STRICT_OBJC_MSGSEND = YES;
				ENABLE_USER_SCRIPT_SANDBOXING = NO;
				GCC_C_LANGUAGE_STANDARD = gnu17;
				GCC_NO_COMMON_BLOCKS = YES;
				GCC_WARN_64_TO_32_BIT_CONVERSION = YES;
				GCC_WARN_ABOUT_RETURN_TYPE = YES_ERROR;
				GCC_WARN_UNDECLARED_SELECTOR = YES;
				GCC_WARN_UNINITIALIZED_AUTOS = YES_AGGRESSIVE;
				GCC_WARN_UNUSED_FUNCTION = YES;
				GCC_WARN_UNUSED_VARIABLE = YES;
				IPHONEOS_DEPLOYMENT_TARGET = 17.4;
				LOCALIZATION_PREFERS_STRING_CATALOGS = YES;
				MTL_ENABLE_DEBUG_INFO = NO;
				MTL_FAST_MATH = YES;
				SDKROOT = iphoneos;
				SWIFT_COMPILATION_MODE = wholemodule;
				VALIDATE_PRODUCT = YES;
			};
			name = Release;
		};
		53D0C82D2CD213ED00034179 /* Debug */ = {
			isa = XCBuildConfiguration;
			baseConfigurationReference = 53D0C8312CD2152100034179 /* Secret.xcconfig */;
			buildSettings = {
				ASSETCATALOG_COMPILER_APPICON_NAME = AppIcon;
				ASSETCATALOG_COMPILER_GLOBAL_ACCENT_COLOR_NAME = AccentColor;
				CODE_SIGN_STYLE = Automatic;
				CURRENT_PROJECT_VERSION = 1;
				DEVELOPMENT_ASSET_PATHS = "\"SUDATalk/Preview Content\"";
				DEVELOPMENT_TEAM = CX8P4D8Z7M;
				ENABLE_PREVIEWS = YES;
				ENABLE_USER_SCRIPT_SANDBOXING = YES;
				GENERATE_INFOPLIST_FILE = YES;
				INFOPLIST_FILE = SUDATalk/Info.plist;
				INFOPLIST_KEY_UIApplicationSceneManifest_Generation = YES;
				INFOPLIST_KEY_UIApplicationSupportsIndirectInputEvents = YES;
				INFOPLIST_KEY_UILaunchScreen_Generation = YES;
				INFOPLIST_KEY_UISupportedInterfaceOrientations_iPad = "UIInterfaceOrientationPortrait UIInterfaceOrientationPortraitUpsideDown UIInterfaceOrientationLandscapeLeft UIInterfaceOrientationLandscapeRight";
				INFOPLIST_KEY_UISupportedInterfaceOrientations_iPhone = "UIInterfaceOrientationPortrait UIInterfaceOrientationLandscapeLeft UIInterfaceOrientationLandscapeRight";
				LD_RUNPATH_SEARCH_PATHS = (
					"$(inherited)",
					"@executable_path/Frameworks",
				);
				MARKETING_VERSION = 1.0;
				PRODUCT_BUNDLE_IDENTIFIER = sk.SUDATalk;
				PRODUCT_NAME = "$(TARGET_NAME)";
				SWIFT_EMIT_LOC_STRINGS = YES;
				SWIFT_VERSION = 5.0;
				TARGETED_DEVICE_FAMILY = "1,2";
			};
			name = Debug;
		};
		53D0C82E2CD213ED00034179 /* Release */ = {
			isa = XCBuildConfiguration;
			buildSettings = {
				ASSETCATALOG_COMPILER_APPICON_NAME = AppIcon;
				ASSETCATALOG_COMPILER_GLOBAL_ACCENT_COLOR_NAME = AccentColor;
				CODE_SIGN_STYLE = Automatic;
				CURRENT_PROJECT_VERSION = 1;
				DEVELOPMENT_ASSET_PATHS = "\"SUDATalk/Preview Content\"";
				DEVELOPMENT_TEAM = CX8P4D8Z7M;
				ENABLE_PREVIEWS = YES;
				ENABLE_USER_SCRIPT_SANDBOXING = YES;
				GENERATE_INFOPLIST_FILE = YES;
				INFOPLIST_FILE = SUDATalk/Info.plist;
				INFOPLIST_KEY_UIApplicationSceneManifest_Generation = YES;
				INFOPLIST_KEY_UIApplicationSupportsIndirectInputEvents = YES;
				INFOPLIST_KEY_UILaunchScreen_Generation = YES;
				INFOPLIST_KEY_UISupportedInterfaceOrientations_iPad = "UIInterfaceOrientationPortrait UIInterfaceOrientationPortraitUpsideDown UIInterfaceOrientationLandscapeLeft UIInterfaceOrientationLandscapeRight";
				INFOPLIST_KEY_UISupportedInterfaceOrientations_iPhone = "UIInterfaceOrientationPortrait UIInterfaceOrientationLandscapeLeft UIInterfaceOrientationLandscapeRight";
				LD_RUNPATH_SEARCH_PATHS = (
					"$(inherited)",
					"@executable_path/Frameworks",
				);
				MARKETING_VERSION = 1.0;
				PRODUCT_BUNDLE_IDENTIFIER = sk.SUDATalk;
				PRODUCT_NAME = "$(TARGET_NAME)";
				SWIFT_EMIT_LOC_STRINGS = YES;
				SWIFT_VERSION = 5.0;
				TARGETED_DEVICE_FAMILY = "1,2";
			};
			name = Release;
		};
/* End XCBuildConfiguration section */

/* Begin XCConfigurationList section */
		53D0C8192CD213EB00034179 /* Build configuration list for PBXProject "SUDATalk" */ = {
			isa = XCConfigurationList;
			buildConfigurations = (
				53D0C82A2CD213ED00034179 /* Debug */,
				53D0C82B2CD213ED00034179 /* Release */,
			);
			defaultConfigurationIsVisible = 0;
			defaultConfigurationName = Release;
		};
		53D0C82C2CD213ED00034179 /* Build configuration list for PBXNativeTarget "SUDATalk" */ = {
			isa = XCConfigurationList;
			buildConfigurations = (
				53D0C82D2CD213ED00034179 /* Debug */,
				53D0C82E2CD213ED00034179 /* Release */,
			);
			defaultConfigurationIsVisible = 0;
			defaultConfigurationName = Release;
		};
/* End XCConfigurationList section */

/* Begin XCRemoteSwiftPackageReference section */
		535077302CD2440C00213CBC /* XCRemoteSwiftPackageReference "SwiftLint" */ = {
			isa = XCRemoteSwiftPackageReference;
			repositoryURL = "https://github.com/realm/SwiftLint.git";
			requirement = {
				kind = upToNextMajorVersion;
				minimumVersion = 0.57.0;
			};
		};
		53C01D232CD246FE00D35B95 /* XCRemoteSwiftPackageReference "realm-swift" */ = {
			isa = XCRemoteSwiftPackageReference;
			repositoryURL = "https://github.com/realm/realm-swift.git";
			requirement = {
				kind = exactVersion;
				version = 10.54.1;
			};
		};
/* End XCRemoteSwiftPackageReference section */

/* Begin XCSwiftPackageProductDependency section */
		535077332CD244E100213CBC /* SwiftLintBuildToolPlugin */ = {
			isa = XCSwiftPackageProductDependency;
			package = 535077302CD2440C00213CBC /* XCRemoteSwiftPackageReference "SwiftLint" */;
			productName = "plugin:SwiftLintBuildToolPlugin";
		};
		53C01D242CD246FE00D35B95 /* RealmSwift */ = {
			isa = XCSwiftPackageProductDependency;
			package = 53C01D232CD246FE00D35B95 /* XCRemoteSwiftPackageReference "realm-swift" */;
			productName = RealmSwift;
		};
/* End XCSwiftPackageProductDependency section */
	};
	rootObject = 53D0C8162CD213EB00034179 /* Project object */;
}
